
Microsoft Visual Studio Solution File, Format Version 12.00
# Visual Studio Version 16
VisualStudioVersion = 16.0.29411.108
MinimumVisualStudioVersion = 10.0.40219.1
Project("{FAE04EC0-301F-11D3-BF4B-00C04F79EFBC}") = "CoffeeMugWebApi", "CoffeeMugWebApi.csproj", "{5D72E7D7-A165-479E-B9A1-F9150169FA2C}"
EndProject
Global
	GlobalSection(SolutionConfigurationPlatforms) = preSolution
		Debug|Any CPU = Debug|Any CPU
		Release|Any CPU = Release|Any CPU
	EndGlobalSection
	GlobalSection(ProjectConfigurationPlatforms) = postSolution
		{5D72E7D7-A165-479E-B9A1-F9150169FA2C}.Debug|Any CPU.ActiveCfg = Debug|Any CPU
		{5D72E7D7-A165-479E-B9A1-F9150169FA2C}.Debug|Any CPU.Build.0 = Debug|Any CPU
		{5D72E7D7-A165-479E-B9A1-F9150169FA2C}.Release|Any CPU.ActiveCfg = Release|Any CPU
		{5D72E7D7-A165-479E-B9A1-F9150169FA2C}.Release|Any CPU.Build.0 = Release|Any CPU
	EndGlobalSection
	GlobalSection(SolutionProperties) = preSolution
		HideSolutionNode = FALSE
	EndGlobalSection
	GlobalSection(ExtensibilityGlobals) = postSolution
		SolutionGuid = {23A2E891-2B7B-4640-AD63-4BEEC4B34265}
	EndGlobalSection
EndGlobal
